
Microsoft Visual Studio Solution File, Format Version 12.00
# Visual Studio 15
VisualStudioVersion = 15.0.27428.2037
MinimumVisualStudioVersion = 10.0.40219.1
Project("{F2A71F9B-5D33-465A-A702-920D77279786}") = "HRTasks", "HRTasks\HRTasks.fsproj", "{E4A8A846-8784-4AAB-AACD-A4D2BF8DBAD4}"
EndProject
Global
	GlobalSection(SolutionConfigurationPlatforms) = preSolution
		Debug|Any CPU = Debug|Any CPU
		Release|Any CPU = Release|Any CPU
	EndGlobalSection
	GlobalSection(ProjectConfigurationPlatforms) = postSolution
		{E4A8A846-8784-4AAB-AACD-A4D2BF8DBAD4}.Debug|Any CPU.ActiveCfg = Debug|Any CPU
		{E4A8A846-8784-4AAB-AACD-A4D2BF8DBAD4}.Debug|Any CPU.Build.0 = Debug|Any CPU
		{E4A8A846-8784-4AAB-AACD-A4D2BF8DBAD4}.Release|Any CPU.ActiveCfg = Release|Any CPU
		{E4A8A846-8784-4AAB-AACD-A4D2BF8DBAD4}.Release|Any CPU.Build.0 = Release|Any CPU
	EndGlobalSection
	GlobalSection(SolutionProperties) = preSolution
		HideSolutionNode = FALSE
	EndGlobalSection
	GlobalSection(ExtensibilityGlobals) = postSolution
		SolutionGuid = {E9A6BE87-F6E3-4D5F-9A50-00437B134E46}
	EndGlobalSection
EndGlobal
