
Microsoft Visual Studio Solution File, Format Version 12.00
# Visual Studio 15
VisualStudioVersion = 15.0.27130.2027
MinimumVisualStudioVersion = 10.0.40219.1
Project("{F2A71F9B-5D33-465A-A702-920D77279786}") = "WebTestProject", "WebTestProject\WebTestProject.fsproj", "{4AFAA700-7773-4A54-BEA6-F81E48D1B08C}"
EndProject
Project("{F2A71F9B-5D33-465A-A702-920D77279786}") = "DataExample", "DataExample\DataExample.fsproj", "{031F66C3-02F0-4E14-9E0D-D3C4D49A64B6}"
EndProject
Project("{F2A71F9B-5D33-465A-A702-920D77279786}") = "NavCareAutomatedTests", "NavCareAutomatedTests\NavCareAutomatedTests.fsproj", "{F007248B-F1D1-44FF-ABA3-C98AC6228772}"
EndProject
Project("{F2A71F9B-5D33-465A-A702-920D77279786}") = "EmailCSV", "EmailCSV\EmailCSV.fsproj", "{82314B86-2F67-4ACC-8A5E-D18C27D35021}"
EndProject
Global
	GlobalSection(SolutionConfigurationPlatforms) = preSolution
		Debug|Any CPU = Debug|Any CPU
		Release|Any CPU = Release|Any CPU
	EndGlobalSection
	GlobalSection(ProjectConfigurationPlatforms) = postSolution
		{4AFAA700-7773-4A54-BEA6-F81E48D1B08C}.Debug|Any CPU.ActiveCfg = Debug|Any CPU
		{4AFAA700-7773-4A54-BEA6-F81E48D1B08C}.Debug|Any CPU.Build.0 = Debug|Any CPU
		{4AFAA700-7773-4A54-BEA6-F81E48D1B08C}.Release|Any CPU.ActiveCfg = Release|Any CPU
		{4AFAA700-7773-4A54-BEA6-F81E48D1B08C}.Release|Any CPU.Build.0 = Release|Any CPU
		{031F66C3-02F0-4E14-9E0D-D3C4D49A64B6}.Debug|Any CPU.ActiveCfg = Debug|Any CPU
		{031F66C3-02F0-4E14-9E0D-D3C4D49A64B6}.Debug|Any CPU.Build.0 = Debug|Any CPU
		{031F66C3-02F0-4E14-9E0D-D3C4D49A64B6}.Release|Any CPU.ActiveCfg = Release|Any CPU
		{031F66C3-02F0-4E14-9E0D-D3C4D49A64B6}.Release|Any CPU.Build.0 = Release|Any CPU
		{F007248B-F1D1-44FF-ABA3-C98AC6228772}.Debug|Any CPU.ActiveCfg = Debug|Any CPU
		{F007248B-F1D1-44FF-ABA3-C98AC6228772}.Debug|Any CPU.Build.0 = Debug|Any CPU
		{F007248B-F1D1-44FF-ABA3-C98AC6228772}.Release|Any CPU.ActiveCfg = Release|Any CPU
		{F007248B-F1D1-44FF-ABA3-C98AC6228772}.Release|Any CPU.Build.0 = Release|Any CPU
		{82314B86-2F67-4ACC-8A5E-D18C27D35021}.Debug|Any CPU.ActiveCfg = Debug|Any CPU
		{82314B86-2F67-4ACC-8A5E-D18C27D35021}.Debug|Any CPU.Build.0 = Debug|Any CPU
		{82314B86-2F67-4ACC-8A5E-D18C27D35021}.Release|Any CPU.ActiveCfg = Release|Any CPU
		{82314B86-2F67-4ACC-8A5E-D18C27D35021}.Release|Any CPU.Build.0 = Release|Any CPU
	EndGlobalSection
	GlobalSection(SolutionProperties) = preSolution
		HideSolutionNode = FALSE
	EndGlobalSection
	GlobalSection(ExtensibilityGlobals) = postSolution
		SolutionGuid = {059FBB66-F107-44BD-A769-5C1BC4C42FB2}
	EndGlobalSection
EndGlobal
